
Microsoft Visual Studio Solution File, Format Version 12.00
# Visual Studio 15
VisualStudioVersion = 15.0.28307.329
MinimumVisualStudioVersion = 10.0.40219.1
Project("{FAE04EC0-301F-11D3-BF4B-00C04F79EFBC}") = "Task1", "Task1\Task1.csproj", "{C6A4E2DF-BCA5-4416-B6B7-47A9D2754C99}"
EndProject
Project("{FAE04EC0-301F-11D3-BF4B-00C04F79EFBC}") = "Task2", "Task2\Task2.csproj", "{C4C1728E-3594-41D0-8BCC-D180CAFC32FD}"
EndProject
Project("{FAE04EC0-301F-11D3-BF4B-00C04F79EFBC}") = "Task3", "Task3\Task3.csproj", "{19CC54E0-62C1-4364-95C3-3A0BEEC04247}"
EndProject
Project("{FAE04EC0-301F-11D3-BF4B-00C04F79EFBC}") = "Task4", "Task4\Task4.csproj", "{8704D791-6B64-418D-9F89-EE98003D1F06}"
EndProject
Global
	GlobalSection(SolutionConfigurationPlatforms) = preSolution
		Debug|Any CPU = Debug|Any CPU
		Release|Any CPU = Release|Any CPU
	EndGlobalSection
	GlobalSection(ProjectConfigurationPlatforms) = postSolution
		{C6A4E2DF-BCA5-4416-B6B7-47A9D2754C99}.Debug|Any CPU.ActiveCfg = Debug|Any CPU
		{C6A4E2DF-BCA5-4416-B6B7-47A9D2754C99}.Debug|Any CPU.Build.0 = Debug|Any CPU
		{C6A4E2DF-BCA5-4416-B6B7-47A9D2754C99}.Release|Any CPU.ActiveCfg = Release|Any CPU
		{C6A4E2DF-BCA5-4416-B6B7-47A9D2754C99}.Release|Any CPU.Build.0 = Release|Any CPU
		{C4C1728E-3594-41D0-8BCC-D180CAFC32FD}.Debug|Any CPU.ActiveCfg = Debug|Any CPU
		{C4C1728E-3594-41D0-8BCC-D180CAFC32FD}.Debug|Any CPU.Build.0 = Debug|Any CPU
		{C4C1728E-3594-41D0-8BCC-D180CAFC32FD}.Release|Any CPU.ActiveCfg = Release|Any CPU
		{C4C1728E-3594-41D0-8BCC-D180CAFC32FD}.Release|Any CPU.Build.0 = Release|Any CPU
		{19CC54E0-62C1-4364-95C3-3A0BEEC04247}.Debug|Any CPU.ActiveCfg = Debug|Any CPU
		{19CC54E0-62C1-4364-95C3-3A0BEEC04247}.Debug|Any CPU.Build.0 = Debug|Any CPU
		{19CC54E0-62C1-4364-95C3-3A0BEEC04247}.Release|Any CPU.ActiveCfg = Release|Any CPU
		{19CC54E0-62C1-4364-95C3-3A0BEEC04247}.Release|Any CPU.Build.0 = Release|Any CPU
		{8704D791-6B64-418D-9F89-EE98003D1F06}.Debug|Any CPU.ActiveCfg = Debug|Any CPU
		{8704D791-6B64-418D-9F89-EE98003D1F06}.Debug|Any CPU.Build.0 = Debug|Any CPU
		{8704D791-6B64-418D-9F89-EE98003D1F06}.Release|Any CPU.ActiveCfg = Release|Any CPU
		{8704D791-6B64-418D-9F89-EE98003D1F06}.Release|Any CPU.Build.0 = Release|Any CPU
	EndGlobalSection
	GlobalSection(SolutionProperties) = preSolution
		HideSolutionNode = FALSE
	EndGlobalSection
	GlobalSection(ExtensibilityGlobals) = postSolution
		SolutionGuid = {E990AEF2-6A5E-4B9D-9B4E-F5B8A33EE85C}
	EndGlobalSection
EndGlobal
