
Microsoft Visual Studio Solution File, Format Version 12.00
# Visual Studio 15
VisualStudioVersion = 15.0.28307.329
MinimumVisualStudioVersion = 10.0.40219.1
Project("{FAE04EC0-301F-11D3-BF4B-00C04F79EFBC}") = "Task1", "Task1\Task1.csproj", "{D3DD544E-B45F-44D0-AED1-91BF8735797C}"
EndProject
Project("{FAE04EC0-301F-11D3-BF4B-00C04F79EFBC}") = "Task2", "Task2\Task2.csproj", "{B728D685-CC99-42BB-8C95-39C6935FDB6C}"
EndProject
Global
	GlobalSection(SolutionConfigurationPlatforms) = preSolution
		Debug|Any CPU = Debug|Any CPU
		Release|Any CPU = Release|Any CPU
	EndGlobalSection
	GlobalSection(ProjectConfigurationPlatforms) = postSolution
		{D3DD544E-B45F-44D0-AED1-91BF8735797C}.Debug|Any CPU.ActiveCfg = Debug|Any CPU
		{D3DD544E-B45F-44D0-AED1-91BF8735797C}.Debug|Any CPU.Build.0 = Debug|Any CPU
		{D3DD544E-B45F-44D0-AED1-91BF8735797C}.Release|Any CPU.ActiveCfg = Release|Any CPU
		{D3DD544E-B45F-44D0-AED1-91BF8735797C}.Release|Any CPU.Build.0 = Release|Any CPU
		{B728D685-CC99-42BB-8C95-39C6935FDB6C}.Debug|Any CPU.ActiveCfg = Debug|Any CPU
		{B728D685-CC99-42BB-8C95-39C6935FDB6C}.Debug|Any CPU.Build.0 = Debug|Any CPU
		{B728D685-CC99-42BB-8C95-39C6935FDB6C}.Release|Any CPU.ActiveCfg = Release|Any CPU
		{B728D685-CC99-42BB-8C95-39C6935FDB6C}.Release|Any CPU.Build.0 = Release|Any CPU
	EndGlobalSection
	GlobalSection(SolutionProperties) = preSolution
		HideSolutionNode = FALSE
	EndGlobalSection
	GlobalSection(ExtensibilityGlobals) = postSolution
		SolutionGuid = {D01BFF28-9CE7-4228-94D9-8583BA0E2A08}
	EndGlobalSection
EndGlobal
